
Microsoft Visual Studio Solution File, Format Version 12.00
# Visual Studio 15
VisualStudioVersion = 15.0.28307.271
MinimumVisualStudioVersion = 10.0.40219.1
Project("{FAE04EC0-301F-11D3-BF4B-00C04F79EFBC}") = "ConsoleApp2", "ConsoleApp2\ConsoleApp2.csproj", "{F1BBD382-F7E3-4C3E-B47D-5547DECAE31B}"
EndProject
Project("{FAE04EC0-301F-11D3-BF4B-00C04F79EFBC}") = "Facade", "Facade\Facade.csproj", "{E11D7EDA-AC96-4257-9ADB-0064CAB4C0A4}"
EndProject
Project("{FAE04EC0-301F-11D3-BF4B-00C04F79EFBC}") = "Singleton", "Singleton\Singleton.csproj", "{875FD3BD-CCC0-41C0-AF84-83300843A33A}"
EndProject
Project("{FAE04EC0-301F-11D3-BF4B-00C04F79EFBC}") = "FacadeClient", "FacadeClient\FacadeClient.csproj", "{E9B8A804-76DB-4572-BD26-2209C622F8CA}"
EndProject
Project("{FAE04EC0-301F-11D3-BF4B-00C04F79EFBC}") = "Factory", "Factory\Factory.csproj", "{FE631291-512A-4C78-9295-6C60D8A54FC6}"
EndProject
Project("{FAE04EC0-301F-11D3-BF4B-00C04F79EFBC}") = "Decorator", "Decorator\Decorator.csproj", "{64E8D9CA-61F0-4D2C-92EE-9827B7EACA04}"
EndProject
Project("{FAE04EC0-301F-11D3-BF4B-00C04F79EFBC}") = "Strategy", "Strategy\Strategy.csproj", "{ECD5A589-3CFB-4A64-AED5-61407917BDA2}"
EndProject
Project("{FAE04EC0-301F-11D3-BF4B-00C04F79EFBC}") = "Adapter", "Adapter\Adapter.csproj", "{0195CD3D-D133-4DCC-9EA7-1CFE4F040766}"
EndProject
Project("{2150E333-8FDC-42A3-9474-1A3956D46DE8}") = "Creational", "Creational", "{9FCBB1DC-D8D4-4171-A097-D4CB200DEA45}"
EndProject
Project("{2150E333-8FDC-42A3-9474-1A3956D46DE8}") = "Structural", "Structural", "{4F20F083-FA62-42CF-95F5-42727C4B3DD8}"
EndProject
Project("{2150E333-8FDC-42A3-9474-1A3956D46DE8}") = "Behavioural", "Behavioural", "{0E6A0E54-B322-4AD7-8C3F-FC5B08CC9BAB}"
EndProject
Global
	GlobalSection(SolutionConfigurationPlatforms) = preSolution
		Debug|Any CPU = Debug|Any CPU
		Release|Any CPU = Release|Any CPU
	EndGlobalSection
	GlobalSection(ProjectConfigurationPlatforms) = postSolution
		{F1BBD382-F7E3-4C3E-B47D-5547DECAE31B}.Debug|Any CPU.ActiveCfg = Debug|Any CPU
		{F1BBD382-F7E3-4C3E-B47D-5547DECAE31B}.Debug|Any CPU.Build.0 = Debug|Any CPU
		{F1BBD382-F7E3-4C3E-B47D-5547DECAE31B}.Release|Any CPU.ActiveCfg = Release|Any CPU
		{F1BBD382-F7E3-4C3E-B47D-5547DECAE31B}.Release|Any CPU.Build.0 = Release|Any CPU
		{E11D7EDA-AC96-4257-9ADB-0064CAB4C0A4}.Debug|Any CPU.ActiveCfg = Debug|Any CPU
		{E11D7EDA-AC96-4257-9ADB-0064CAB4C0A4}.Debug|Any CPU.Build.0 = Debug|Any CPU
		{E11D7EDA-AC96-4257-9ADB-0064CAB4C0A4}.Release|Any CPU.ActiveCfg = Release|Any CPU
		{E11D7EDA-AC96-4257-9ADB-0064CAB4C0A4}.Release|Any CPU.Build.0 = Release|Any CPU
		{875FD3BD-CCC0-41C0-AF84-83300843A33A}.Debug|Any CPU.ActiveCfg = Debug|Any CPU
		{875FD3BD-CCC0-41C0-AF84-83300843A33A}.Debug|Any CPU.Build.0 = Debug|Any CPU
		{875FD3BD-CCC0-41C0-AF84-83300843A33A}.Release|Any CPU.ActiveCfg = Release|Any CPU
		{875FD3BD-CCC0-41C0-AF84-83300843A33A}.Release|Any CPU.Build.0 = Release|Any CPU
		{E9B8A804-76DB-4572-BD26-2209C622F8CA}.Debug|Any CPU.ActiveCfg = Debug|Any CPU
		{E9B8A804-76DB-4572-BD26-2209C622F8CA}.Debug|Any CPU.Build.0 = Debug|Any CPU
		{E9B8A804-76DB-4572-BD26-2209C622F8CA}.Release|Any CPU.ActiveCfg = Release|Any CPU
		{E9B8A804-76DB-4572-BD26-2209C622F8CA}.Release|Any CPU.Build.0 = Release|Any CPU
		{FE631291-512A-4C78-9295-6C60D8A54FC6}.Debug|Any CPU.ActiveCfg = Debug|Any CPU
		{FE631291-512A-4C78-9295-6C60D8A54FC6}.Debug|Any CPU.Build.0 = Debug|Any CPU
		{FE631291-512A-4C78-9295-6C60D8A54FC6}.Release|Any CPU.ActiveCfg = Release|Any CPU
		{FE631291-512A-4C78-9295-6C60D8A54FC6}.Release|Any CPU.Build.0 = Release|Any CPU
		{64E8D9CA-61F0-4D2C-92EE-9827B7EACA04}.Debug|Any CPU.ActiveCfg = Debug|Any CPU
		{64E8D9CA-61F0-4D2C-92EE-9827B7EACA04}.Debug|Any CPU.Build.0 = Debug|Any CPU
		{64E8D9CA-61F0-4D2C-92EE-9827B7EACA04}.Release|Any CPU.ActiveCfg = Release|Any CPU
		{64E8D9CA-61F0-4D2C-92EE-9827B7EACA04}.Release|Any CPU.Build.0 = Release|Any CPU
		{ECD5A589-3CFB-4A64-AED5-61407917BDA2}.Debug|Any CPU.ActiveCfg = Debug|Any CPU
		{ECD5A589-3CFB-4A64-AED5-61407917BDA2}.Debug|Any CPU.Build.0 = Debug|Any CPU
		{ECD5A589-3CFB-4A64-AED5-61407917BDA2}.Release|Any CPU.ActiveCfg = Release|Any CPU
		{ECD5A589-3CFB-4A64-AED5-61407917BDA2}.Release|Any CPU.Build.0 = Release|Any CPU
		{0195CD3D-D133-4DCC-9EA7-1CFE4F040766}.Debug|Any CPU.ActiveCfg = Debug|Any CPU
		{0195CD3D-D133-4DCC-9EA7-1CFE4F040766}.Debug|Any CPU.Build.0 = Debug|Any CPU
		{0195CD3D-D133-4DCC-9EA7-1CFE4F040766}.Release|Any CPU.ActiveCfg = Release|Any CPU
		{0195CD3D-D133-4DCC-9EA7-1CFE4F040766}.Release|Any CPU.Build.0 = Release|Any CPU
	EndGlobalSection
	GlobalSection(SolutionProperties) = preSolution
		HideSolutionNode = FALSE
	EndGlobalSection
	GlobalSection(NestedProjects) = preSolution
		{E11D7EDA-AC96-4257-9ADB-0064CAB4C0A4} = {4F20F083-FA62-42CF-95F5-42727C4B3DD8}
		{875FD3BD-CCC0-41C0-AF84-83300843A33A} = {9FCBB1DC-D8D4-4171-A097-D4CB200DEA45}
		{E9B8A804-76DB-4572-BD26-2209C622F8CA} = {4F20F083-FA62-42CF-95F5-42727C4B3DD8}
		{FE631291-512A-4C78-9295-6C60D8A54FC6} = {9FCBB1DC-D8D4-4171-A097-D4CB200DEA45}
		{64E8D9CA-61F0-4D2C-92EE-9827B7EACA04} = {0E6A0E54-B322-4AD7-8C3F-FC5B08CC9BAB}
		{ECD5A589-3CFB-4A64-AED5-61407917BDA2} = {0E6A0E54-B322-4AD7-8C3F-FC5B08CC9BAB}
		{0195CD3D-D133-4DCC-9EA7-1CFE4F040766} = {4F20F083-FA62-42CF-95F5-42727C4B3DD8}
	EndGlobalSection
	GlobalSection(ExtensibilityGlobals) = postSolution
		SolutionGuid = {98A4842A-3C43-4239-B58E-6A4617D946A7}
	EndGlobalSection
EndGlobal
